
Microsoft Visual Studio Solution File, Format Version 12.00
# Visual Studio Version 17
VisualStudioVersion = 17.1.32407.343
MinimumVisualStudioVersion = 10.0.40219.1
Project("{9A19103F-16F7-4668-BE54-9A1E7A4F7556}") = "GenericApp.Api", "GenericApp.Api\GenericApp.Api.csproj", "{36909B7A-8F14-4695-9261-0FC246177BA4}"
EndProject
Project("{9A19103F-16F7-4668-BE54-9A1E7A4F7556}") = "GenericApp.Web", "GenericApp.Web\GenericApp.Web.csproj", "{C220A7BF-8582-44B4-A7F6-7A0EE6890991}"
EndProject
Project("{9A19103F-16F7-4668-BE54-9A1E7A4F7556}") = "GenericApp.Domain", "GenericApp.Domain\GenericApp.Domain.csproj", "{DD523DA5-83EC-40A4-86FC-045EB1D3009E}"
EndProject
Project("{E53339B2-1760-4266-BCC7-CA923CBCF16C}") = "docker-compose", "docker-compose.dcproj", "{87AC75C1-6EA4-4F2A-A654-7B4374243931}"
EndProject
Project("{2150E333-8FDC-42A3-9474-1A3956D46DE8}") = "Solution Items", "Solution Items", "{48199DFE-A1EC-4D73-BEBD-DCFFFA9C7E79}"
	ProjectSection(SolutionItems) = preProject
		.gitignore = .gitignore
	EndProjectSection
EndProject
Global
	GlobalSection(SolutionConfigurationPlatforms) = preSolution
		Debug|Any CPU = Debug|Any CPU
		Release|Any CPU = Release|Any CPU
	EndGlobalSection
	GlobalSection(ProjectConfigurationPlatforms) = postSolution
		{36909B7A-8F14-4695-9261-0FC246177BA4}.Debug|Any CPU.ActiveCfg = Debug|Any CPU
		{36909B7A-8F14-4695-9261-0FC246177BA4}.Debug|Any CPU.Build.0 = Debug|Any CPU
		{36909B7A-8F14-4695-9261-0FC246177BA4}.Release|Any CPU.ActiveCfg = Release|Any CPU
		{36909B7A-8F14-4695-9261-0FC246177BA4}.Release|Any CPU.Build.0 = Release|Any CPU
		{C220A7BF-8582-44B4-A7F6-7A0EE6890991}.Debug|Any CPU.ActiveCfg = Debug|Any CPU
		{C220A7BF-8582-44B4-A7F6-7A0EE6890991}.Debug|Any CPU.Build.0 = Debug|Any CPU
		{C220A7BF-8582-44B4-A7F6-7A0EE6890991}.Release|Any CPU.ActiveCfg = Release|Any CPU
		{C220A7BF-8582-44B4-A7F6-7A0EE6890991}.Release|Any CPU.Build.0 = Release|Any CPU
		{DD523DA5-83EC-40A4-86FC-045EB1D3009E}.Debug|Any CPU.ActiveCfg = Debug|Any CPU
		{DD523DA5-83EC-40A4-86FC-045EB1D3009E}.Debug|Any CPU.Build.0 = Debug|Any CPU
		{DD523DA5-83EC-40A4-86FC-045EB1D3009E}.Release|Any CPU.ActiveCfg = Release|Any CPU
		{DD523DA5-83EC-40A4-86FC-045EB1D3009E}.Release|Any CPU.Build.0 = Release|Any CPU
		{87AC75C1-6EA4-4F2A-A654-7B4374243931}.Debug|Any CPU.ActiveCfg = Debug|Any CPU
		{87AC75C1-6EA4-4F2A-A654-7B4374243931}.Debug|Any CPU.Build.0 = Debug|Any CPU
		{87AC75C1-6EA4-4F2A-A654-7B4374243931}.Release|Any CPU.ActiveCfg = Release|Any CPU
		{87AC75C1-6EA4-4F2A-A654-7B4374243931}.Release|Any CPU.Build.0 = Release|Any CPU
	EndGlobalSection
	GlobalSection(SolutionProperties) = preSolution
		HideSolutionNode = FALSE
	EndGlobalSection
	GlobalSection(ExtensibilityGlobals) = postSolution
		SolutionGuid = {4E3DF61C-E98A-4BD3-8530-B76E6F8B4667}
	EndGlobalSection
EndGlobal
